PODS:
  - Charts (3.6.0):
    - Charts/Core (= 3.6.0)
  - Charts/Core (3.6.0)
  - Realm (10.25.0):
    - Realm/Headers (= 10.25.0)
  - Realm/Headers (10.25.0)
  - RealmSwift (10.25.0):
    - Realm (= 10.25.0)
  - SwiftLint (0.47.1)

DEPENDENCIES:
  - Charts (= 3.6.0)
  - RealmSwift
  - SwiftLint

SPEC REPOS:
  trunk:
    - Charts
    - Realm
    - RealmSwift
    - SwiftLint

SPEC CHECKSUMS:
  Charts: b1e3a1f5a1c9ba5394438ca3b91bd8c9076310af
  Realm: 22a82aaa0e73f3483e3a6df32549c4c5cd34aa63
  RealmSwift: c2a635212400923edd3f828b8a37d55d3eb31863
  SwiftLint: f80f1be7fa96d30e0aa68e58d45d4ea1ccaac519

PODFILE CHECKSUM: 76fa4914b1cf3ea653cf99fd274a963a620957d8

COCOAPODS: 1.11.3
